
Microsoft Visual Studio Solution File, Format Version 12.00
# Visual Studio 14
VisualStudioVersion = 14.0.23107.0
MinimumVisualStudioVersion = 10.0.40219.1
Project("{FAE04EC0-301F-11D3-BF4B-00C04F79EFBC}") = "SDL.ECommerce.OData", "SDL.ECommerce.OData\SDL.ECommerce.OData.csproj", "{F5434B12-5F20-48DF-8B17-A6C2A1345BA9}"
EndProject
Project("{FAE04EC0-301F-11D3-BF4B-00C04F79EFBC}") = "SDL.ECommerce.Api", "SDL.ECommerce.Api\SDL.ECommerce.Api.csproj", "{1030D0F7-9334-4864-B495-540E3AD7928C}"
EndProject
Project("{FAE04EC0-301F-11D3-BF4B-00C04F79EFBC}") = "SDL.ECommerce.DXA", "SDL.ECommerce.DXA\SDL.ECommerce.DXA.csproj", "{1D5A79D3-8870-410D-99FD-5D54601E19B5}"
EndProject
Project("{FAE04EC0-301F-11D3-BF4B-00C04F79EFBC}") = "SDL.DXA.Modules.Navigation", "SDL.DXA.Modules.Navigation\SDL.DXA.Modules.Navigation.csproj", "{B343E828-A29F-4C6A-B9E4-B510719E77F0}"
EndProject
Project("{FAE04EC0-301F-11D3-BF4B-00C04F79EFBC}") = "SDL.ECommerce.DXA.Default.Views", "SDL.ECommerce.DXA.Default.Views\SDL.ECommerce.DXA.Default.Views.csproj", "{D4ACD1A5-74BE-4375-A4CC-14529FFAB92D}"
EndProject
Global
	GlobalSection(SolutionConfigurationPlatforms) = preSolution
		Debug|Any CPU = Debug|Any CPU
		Release|Any CPU = Release|Any CPU
	EndGlobalSection
	GlobalSection(ProjectConfigurationPlatforms) = postSolution
		{F5434B12-5F20-48DF-8B17-A6C2A1345BA9}.Debug|Any CPU.ActiveCfg = Debug|Any CPU
		{F5434B12-5F20-48DF-8B17-A6C2A1345BA9}.Debug|Any CPU.Build.0 = Debug|Any CPU
		{F5434B12-5F20-48DF-8B17-A6C2A1345BA9}.Release|Any CPU.ActiveCfg = Release|Any CPU
		{F5434B12-5F20-48DF-8B17-A6C2A1345BA9}.Release|Any CPU.Build.0 = Release|Any CPU
		{1030D0F7-9334-4864-B495-540E3AD7928C}.Debug|Any CPU.ActiveCfg = Debug|Any CPU
		{1030D0F7-9334-4864-B495-540E3AD7928C}.Debug|Any CPU.Build.0 = Debug|Any CPU
		{1030D0F7-9334-4864-B495-540E3AD7928C}.Release|Any CPU.ActiveCfg = Release|Any CPU
		{1030D0F7-9334-4864-B495-540E3AD7928C}.Release|Any CPU.Build.0 = Release|Any CPU
		{1D5A79D3-8870-410D-99FD-5D54601E19B5}.Debug|Any CPU.ActiveCfg = Debug|Any CPU
		{1D5A79D3-8870-410D-99FD-5D54601E19B5}.Debug|Any CPU.Build.0 = Debug|Any CPU
		{1D5A79D3-8870-410D-99FD-5D54601E19B5}.Release|Any CPU.ActiveCfg = Release|Any CPU
		{1D5A79D3-8870-410D-99FD-5D54601E19B5}.Release|Any CPU.Build.0 = Release|Any CPU
		{B343E828-A29F-4C6A-B9E4-B510719E77F0}.Debug|Any CPU.ActiveCfg = Debug|Any CPU
		{B343E828-A29F-4C6A-B9E4-B510719E77F0}.Debug|Any CPU.Build.0 = Debug|Any CPU
		{B343E828-A29F-4C6A-B9E4-B510719E77F0}.Release|Any CPU.ActiveCfg = Release|Any CPU
		{B343E828-A29F-4C6A-B9E4-B510719E77F0}.Release|Any CPU.Build.0 = Release|Any CPU
		{D4ACD1A5-74BE-4375-A4CC-14529FFAB92D}.Debug|Any CPU.ActiveCfg = Debug|Any CPU
		{D4ACD1A5-74BE-4375-A4CC-14529FFAB92D}.Debug|Any CPU.Build.0 = Debug|Any CPU
		{D4ACD1A5-74BE-4375-A4CC-14529FFAB92D}.Release|Any CPU.ActiveCfg = Release|Any CPU
		{D4ACD1A5-74BE-4375-A4CC-14529FFAB92D}.Release|Any CPU.Build.0 = Release|Any CPU
	EndGlobalSection
	GlobalSection(SolutionProperties) = preSolution
		HideSolutionNode = FALSE
	EndGlobalSection
EndGlobal
